
Microsoft Visual Studio Solution File, Format Version 12.00
# Visual Studio 15
Project("{FAE04EC0-301F-11D3-BF4B-00C04F79EFBC}") = "Unity.XR.PicoXR", "Unity.XR.PicoXR.csproj", "{DD82EA93-FF82-BDA3-04BD-C26904F6E6BE}"
EndProject
Project("{FAE04EC0-301F-11D3-BF4B-00C04F79EFBC}") = "Pico.Platform", "Pico.Platform.csproj", "{67D9B47E-4838-426C-7BBC-4201566BC7AA}"
EndProject
Project("{FAE04EC0-301F-11D3-BF4B-00C04F79EFBC}") = "Pico.Spatializer", "Pico.Spatializer.csproj", "{9927DD77-661A-9379-F8E9-E8BBC1C1135D}"
EndProject
Project("{FAE04EC0-301F-11D3-BF4B-00C04F79EFBC}") = "Pico.Spatializer.Example", "Pico.Spatializer.Example.csproj", "{34ABDD7A-5166-FDF9-EC0F-E0B6F42C75C5}"
EndProject
Project("{FAE04EC0-301F-11D3-BF4B-00C04F79EFBC}") = "Unity.XR.PicoXR.Editor", "Unity.XR.PicoXR.Editor.csproj", "{B22E7FA8-DE52-E4DB-FA02-ABB4772ACCCD}"
EndProject
Global
	GlobalSection(SolutionConfigurationPlatforms) = preSolution
		Debug|Any CPU = Debug|Any CPU
		Release|Any CPU = Release|Any CPU
	EndGlobalSection
	GlobalSection(ProjectConfigurationPlatforms) = postSolution
		{DD82EA93-FF82-BDA3-04BD-C26904F6E6BE}.Debug|Any CPU.ActiveCfg = Debug|Any CPU
		{DD82EA93-FF82-BDA3-04BD-C26904F6E6BE}.Debug|Any CPU.Build.0 = Debug|Any CPU
		{DD82EA93-FF82-BDA3-04BD-C26904F6E6BE}.Release|Any CPU.ActiveCfg = Release|Any CPU
		{DD82EA93-FF82-BDA3-04BD-C26904F6E6BE}.Release|Any CPU.Build.0 = Release|Any CPU
		{67D9B47E-4838-426C-7BBC-4201566BC7AA}.Debug|Any CPU.ActiveCfg = Debug|Any CPU
		{67D9B47E-4838-426C-7BBC-4201566BC7AA}.Debug|Any CPU.Build.0 = Debug|Any CPU
		{67D9B47E-4838-426C-7BBC-4201566BC7AA}.Release|Any CPU.ActiveCfg = Release|Any CPU
		{67D9B47E-4838-426C-7BBC-4201566BC7AA}.Release|Any CPU.Build.0 = Release|Any CPU
		{9927DD77-661A-9379-F8E9-E8BBC1C1135D}.Debug|Any CPU.ActiveCfg = Debug|Any CPU
		{9927DD77-661A-9379-F8E9-E8BBC1C1135D}.Debug|Any CPU.Build.0 = Debug|Any CPU
		{9927DD77-661A-9379-F8E9-E8BBC1C1135D}.Release|Any CPU.ActiveCfg = Release|Any CPU
		{9927DD77-661A-9379-F8E9-E8BBC1C1135D}.Release|Any CPU.Build.0 = Release|Any CPU
		{34ABDD7A-5166-FDF9-EC0F-E0B6F42C75C5}.Debug|Any CPU.ActiveCfg = Debug|Any CPU
		{34ABDD7A-5166-FDF9-EC0F-E0B6F42C75C5}.Debug|Any CPU.Build.0 = Debug|Any CPU
		{34ABDD7A-5166-FDF9-EC0F-E0B6F42C75C5}.Release|Any CPU.ActiveCfg = Release|Any CPU
		{34ABDD7A-5166-FDF9-EC0F-E0B6F42C75C5}.Release|Any CPU.Build.0 = Release|Any CPU
		{B22E7FA8-DE52-E4DB-FA02-ABB4772ACCCD}.Debug|Any CPU.ActiveCfg = Debug|Any CPU
		{B22E7FA8-DE52-E4DB-FA02-ABB4772ACCCD}.Debug|Any CPU.Build.0 = Debug|Any CPU
		{B22E7FA8-DE52-E4DB-FA02-ABB4772ACCCD}.Release|Any CPU.ActiveCfg = Release|Any CPU
		{B22E7FA8-DE52-E4DB-FA02-ABB4772ACCCD}.Release|Any CPU.Build.0 = Release|Any CPU
	EndGlobalSection
	GlobalSection(SolutionProperties) = preSolution
		HideSolutionNode = FALSE
	EndGlobalSection
EndGlobal
